
Microsoft Visual Studio Solution File, Format Version 12.00
# Visual Studio Version 16
VisualStudioVersion = 16.0.30711.63
MinimumVisualStudioVersion = 10.0.40219.1
Project("{159641D6-6404-4A2A-AE62-294DE0FE8301}") = "Dimensions", "Dimensions\Dimensions.dtproj", "{5CF2A0EA-1A30-44D0-975D-615EA6A33272}"
EndProject
Global
	GlobalSection(SolutionConfigurationPlatforms) = preSolution
		Development|Default = Development|Default
	EndGlobalSection
	GlobalSection(ProjectConfigurationPlatforms) = postSolution
		{5CF2A0EA-1A30-44D0-975D-615EA6A33272}.Development|Default.ActiveCfg = Development
		{5CF2A0EA-1A30-44D0-975D-615EA6A33272}.Development|Default.Build.0 = Development
	EndGlobalSection
	GlobalSection(SolutionProperties) = preSolution
		HideSolutionNode = FALSE
	EndGlobalSection
	GlobalSection(ExtensibilityGlobals) = postSolution
		SolutionGuid = {963DE4E4-8035-4A24-A023-9E111D1F7B48}
	EndGlobalSection
EndGlobal
